
Microsoft Visual Studio Solution File, Format Version 11.00
# Visual Studio 2010
Project("{FAE04EC0-301F-11D3-BF4B-00C04F79EFBC}") = "FitnessClub", "FitnessClub\FitnessClub.csproj", "{4288E070-290B-45A6-B0F4-1929D4929B06}"
EndProject
Project("{54435603-DBB4-11D2-8724-00A0C9A8B90C}") = "DeployementFitnessClub", "DeployementFitnessClub\DeployementFitnessClub.vdproj", "{B32BB9C5-06E1-415C-83A4-28A0D9E0B37B}"
EndProject
Global
	GlobalSection(SolutionConfigurationPlatforms) = preSolution
		Debug|Any CPU = Debug|Any CPU
		Release|Any CPU = Release|Any CPU
	EndGlobalSection
	GlobalSection(ProjectConfigurationPlatforms) = postSolution
		{4288E070-290B-45A6-B0F4-1929D4929B06}.Debug|Any CPU.ActiveCfg = Debug|Any CPU
		{4288E070-290B-45A6-B0F4-1929D4929B06}.Debug|Any CPU.Build.0 = Debug|Any CPU
		{4288E070-290B-45A6-B0F4-1929D4929B06}.Release|Any CPU.ActiveCfg = Release|Any CPU
		{4288E070-290B-45A6-B0F4-1929D4929B06}.Release|Any CPU.Build.0 = Release|Any CPU
		{B32BB9C5-06E1-415C-83A4-28A0D9E0B37B}.Debug|Any CPU.ActiveCfg = Debug
		{B32BB9C5-06E1-415C-83A4-28A0D9E0B37B}.Release|Any CPU.ActiveCfg = Release
	EndGlobalSection
	GlobalSection(SolutionProperties) = preSolution
		HideSolutionNode = FALSE
	EndGlobalSection
EndGlobal
